
Microsoft Visual Studio Solution File, Format Version 12.00
# Visual Studio Version 17
VisualStudioVersion = 17.0.31903.59
MinimumVisualStudioVersion = 10.0.40219.1
Project("{2150E333-8FDC-42A3-9474-1A3956D46DE8}") = "src", "src", "{827E0CD3-B72D-47B6-A68D-7590B98EB39B}"
EndProject
Project("{FAE04EC0-301F-11D3-BF4B-00C04F79EFBC}") = "Rezber.Core", "src\Rezber.Core\Rezber.Core.csproj", "{2CBFB96B-3E46-4039-8B0D-980DEDFE5E84}"
EndProject
Project("{FAE04EC0-301F-11D3-BF4B-00C04F79EFBC}") = "Rezber.Domain", "src\Rezber.Domain\Rezber.Domain.csproj", "{854B0DAB-FD67-49E8-887B-303894E97F34}"
EndProject
Project("{FAE04EC0-301F-11D3-BF4B-00C04F79EFBC}") = "Rezber.Services", "src\Rezber.Services\Rezber.Services.csproj", "{96BF5760-7A0D-4580-9AE7-87DCF43F34A1}"
EndProject
Project("{FAE04EC0-301F-11D3-BF4B-00C04F79EFBC}") = "Rezber.Web", "src\Rezber.Web\Rezber.Web.csproj", "{8707E149-29E8-47D3-A0FE-A3313C79F4B5}"
EndProject
Project("{FAE04EC0-301F-11D3-BF4B-00C04F79EFBC}") = "Rezber.Tests", "test\Rezber.Tests.csproj", "{CC0A1A90-B611-4FCA-9C21-7CD6C5194D7A}"
EndProject
Global
	GlobalSection(SolutionConfigurationPlatforms) = preSolution
		Debug|Any CPU = Debug|Any CPU
		Debug|x64 = Debug|x64
		Debug|x86 = Debug|x86
		Release|Any CPU = Release|Any CPU
		Release|x64 = Release|x64
		Release|x86 = Release|x86
	EndGlobalSection
	GlobalSection(ProjectConfigurationPlatforms) = postSolution
		{2CBFB96B-3E46-4039-8B0D-980DEDFE5E84}.Debug|Any CPU.ActiveCfg = Debug|Any CPU
		{2CBFB96B-3E46-4039-8B0D-980DEDFE5E84}.Debug|Any CPU.Build.0 = Debug|Any CPU
		{2CBFB96B-3E46-4039-8B0D-980DEDFE5E84}.Debug|x64.ActiveCfg = Debug|Any CPU
		{2CBFB96B-3E46-4039-8B0D-980DEDFE5E84}.Debug|x64.Build.0 = Debug|Any CPU
		{2CBFB96B-3E46-4039-8B0D-980DEDFE5E84}.Debug|x86.ActiveCfg = Debug|Any CPU
		{2CBFB96B-3E46-4039-8B0D-980DEDFE5E84}.Debug|x86.Build.0 = Debug|Any CPU
		{2CBFB96B-3E46-4039-8B0D-980DEDFE5E84}.Release|Any CPU.ActiveCfg = Release|Any CPU
		{2CBFB96B-3E46-4039-8B0D-980DEDFE5E84}.Release|Any CPU.Build.0 = Release|Any CPU
		{2CBFB96B-3E46-4039-8B0D-980DEDFE5E84}.Release|x64.ActiveCfg = Release|Any CPU
		{2CBFB96B-3E46-4039-8B0D-980DEDFE5E84}.Release|x64.Build.0 = Release|Any CPU
		{2CBFB96B-3E46-4039-8B0D-980DEDFE5E84}.Release|x86.ActiveCfg = Release|Any CPU
		{2CBFB96B-3E46-4039-8B0D-980DEDFE5E84}.Release|x86.Build.0 = Release|Any CPU
		{854B0DAB-FD67-49E8-887B-303894E97F34}.Debug|Any CPU.ActiveCfg = Debug|Any CPU
		{854B0DAB-FD67-49E8-887B-303894E97F34}.Debug|Any CPU.Build.0 = Debug|Any CPU
		{854B0DAB-FD67-49E8-887B-303894E97F34}.Debug|x64.ActiveCfg = Debug|Any CPU
		{854B0DAB-FD67-49E8-887B-303894E97F34}.Debug|x64.Build.0 = Debug|Any CPU
		{854B0DAB-FD67-49E8-887B-303894E97F34}.Debug|x86.ActiveCfg = Debug|Any CPU
		{854B0DAB-FD67-49E8-887B-303894E97F34}.Debug|x86.Build.0 = Debug|Any CPU
		{854B0DAB-FD67-49E8-887B-303894E97F34}.Release|Any CPU.ActiveCfg = Release|Any CPU
		{854B0DAB-FD67-49E8-887B-303894E97F34}.Release|Any CPU.Build.0 = Release|Any CPU
		{854B0DAB-FD67-49E8-887B-303894E97F34}.Release|x64.ActiveCfg = Release|Any CPU
		{854B0DAB-FD67-49E8-887B-303894E97F34}.Release|x64.Build.0 = Release|Any CPU
		{854B0DAB-FD67-49E8-887B-303894E97F34}.Release|x86.ActiveCfg = Release|Any CPU
		{854B0DAB-FD67-49E8-887B-303894E97F34}.Release|x86.Build.0 = Release|Any CPU
		{96BF5760-7A0D-4580-9AE7-87DCF43F34A1}.Debug|Any CPU.ActiveCfg = Debug|Any CPU
		{96BF5760-7A0D-4580-9AE7-87DCF43F34A1}.Debug|Any CPU.Build.0 = Debug|Any CPU
		{96BF5760-7A0D-4580-9AE7-87DCF43F34A1}.Debug|x64.ActiveCfg = Debug|Any CPU
		{96BF5760-7A0D-4580-9AE7-87DCF43F34A1}.Debug|x64.Build.0 = Debug|Any CPU
		{96BF5760-7A0D-4580-9AE7-87DCF43F34A1}.Debug|x86.ActiveCfg = Debug|Any CPU
		{96BF5760-7A0D-4580-9AE7-87DCF43F34A1}.Debug|x86.Build.0 = Debug|Any CPU
		{96BF5760-7A0D-4580-9AE7-87DCF43F34A1}.Release|Any CPU.ActiveCfg = Release|Any CPU
		{96BF5760-7A0D-4580-9AE7-87DCF43F34A1}.Release|Any CPU.Build.0 = Release|Any CPU
		{96BF5760-7A0D-4580-9AE7-87DCF43F34A1}.Release|x64.ActiveCfg = Release|Any CPU
		{96BF5760-7A0D-4580-9AE7-87DCF43F34A1}.Release|x64.Build.0 = Release|Any CPU
		{96BF5760-7A0D-4580-9AE7-87DCF43F34A1}.Release|x86.ActiveCfg = Release|Any CPU
		{96BF5760-7A0D-4580-9AE7-87DCF43F34A1}.Release|x86.Build.0 = Release|Any CPU
		{8707E149-29E8-47D3-A0FE-A3313C79F4B5}.Debug|Any CPU.ActiveCfg = Debug|Any CPU
		{8707E149-29E8-47D3-A0FE-A3313C79F4B5}.Debug|Any CPU.Build.0 = Debug|Any CPU
		{8707E149-29E8-47D3-A0FE-A3313C79F4B5}.Debug|x64.ActiveCfg = Debug|Any CPU
		{8707E149-29E8-47D3-A0FE-A3313C79F4B5}.Debug|x64.Build.0 = Debug|Any CPU
		{8707E149-29E8-47D3-A0FE-A3313C79F4B5}.Debug|x86.ActiveCfg = Debug|Any CPU
		{8707E149-29E8-47D3-A0FE-A3313C79F4B5}.Debug|x86.Build.0 = Debug|Any CPU
		{8707E149-29E8-47D3-A0FE-A3313C79F4B5}.Release|Any CPU.ActiveCfg = Release|Any CPU
		{8707E149-29E8-47D3-A0FE-A3313C79F4B5}.Release|Any CPU.Build.0 = Release|Any CPU
		{8707E149-29E8-47D3-A0FE-A3313C79F4B5}.Release|x64.ActiveCfg = Release|Any CPU
		{8707E149-29E8-47D3-A0FE-A3313C79F4B5}.Release|x64.Build.0 = Release|Any CPU
		{8707E149-29E8-47D3-A0FE-A3313C79F4B5}.Release|x86.ActiveCfg = Release|Any CPU
		{8707E149-29E8-47D3-A0FE-A3313C79F4B5}.Release|x86.Build.0 = Release|Any CPU
		{CC0A1A90-B611-4FCA-9C21-7CD6C5194D7A}.Debug|Any CPU.ActiveCfg = Debug|Any CPU
		{CC0A1A90-B611-4FCA-9C21-7CD6C5194D7A}.Debug|Any CPU.Build.0 = Debug|Any CPU
		{CC0A1A90-B611-4FCA-9C21-7CD6C5194D7A}.Debug|x64.ActiveCfg = Debug|Any CPU
		{CC0A1A90-B611-4FCA-9C21-7CD6C5194D7A}.Debug|x64.Build.0 = Debug|Any CPU
		{CC0A1A90-B611-4FCA-9C21-7CD6C5194D7A}.Debug|x86.ActiveCfg = Debug|Any CPU
		{CC0A1A90-B611-4FCA-9C21-7CD6C5194D7A}.Debug|x86.Build.0 = Debug|Any CPU
		{CC0A1A90-B611-4FCA-9C21-7CD6C5194D7A}.Release|Any CPU.ActiveCfg = Release|Any CPU
		{CC0A1A90-B611-4FCA-9C21-7CD6C5194D7A}.Release|Any CPU.Build.0 = Release|Any CPU
		{CC0A1A90-B611-4FCA-9C21-7CD6C5194D7A}.Release|x64.ActiveCfg = Release|Any CPU
		{CC0A1A90-B611-4FCA-9C21-7CD6C5194D7A}.Release|x64.Build.0 = Release|Any CPU
		{CC0A1A90-B611-4FCA-9C21-7CD6C5194D7A}.Release|x86.ActiveCfg = Release|Any CPU
		{CC0A1A90-B611-4FCA-9C21-7CD6C5194D7A}.Release|x86.Build.0 = Release|Any CPU
	EndGlobalSection
	GlobalSection(SolutionProperties) = preSolution
		HideSolutionNode = FALSE
	EndGlobalSection
	GlobalSection(NestedProjects) = preSolution
		{2CBFB96B-3E46-4039-8B0D-980DEDFE5E84} = {827E0CD3-B72D-47B6-A68D-7590B98EB39B}
		{854B0DAB-FD67-49E8-887B-303894E97F34} = {827E0CD3-B72D-47B6-A68D-7590B98EB39B}
		{96BF5760-7A0D-4580-9AE7-87DCF43F34A1} = {827E0CD3-B72D-47B6-A68D-7590B98EB39B}
		{8707E149-29E8-47D3-A0FE-A3313C79F4B5} = {827E0CD3-B72D-47B6-A68D-7590B98EB39B}
		{CC0A1A90-B611-4FCA-9C21-7CD6C5194D7A} = {827E0CD3-B72D-47B6-A68D-7590B98EB39B}
	EndGlobalSection
EndGlobal
